
Microsoft Visual Studio Solution File, Format Version 12.00
# Visual Studio Version 17
VisualStudioVersion = 17.7.34031.279
MinimumVisualStudioVersion = 10.0.40219.1
Project("{9A19103F-16F7-4668-BE54-9A1E7A4F7556}") = "zad1", "zad1\zad1.csproj", "{9D91DCB9-B5DA-47A1-9B10-DB6B99D414B0}"
EndProject
Project("{FAE04EC0-301F-11D3-BF4B-00C04F79EFBC}") = "zad2", "zad2\zad2.csproj", "{A379CF96-00F1-4874-9880-ABFAB61EB9C9}"
EndProject
Global
	GlobalSection(SolutionConfigurationPlatforms) = preSolution
		Debug|Any CPU = Debug|Any CPU
		Release|Any CPU = Release|Any CPU
	EndGlobalSection
	GlobalSection(ProjectConfigurationPlatforms) = postSolution
		{9D91DCB9-B5DA-47A1-9B10-DB6B99D414B0}.Debug|Any CPU.ActiveCfg = Debug|Any CPU
		{9D91DCB9-B5DA-47A1-9B10-DB6B99D414B0}.Debug|Any CPU.Build.0 = Debug|Any CPU
		{9D91DCB9-B5DA-47A1-9B10-DB6B99D414B0}.Release|Any CPU.ActiveCfg = Release|Any CPU
		{9D91DCB9-B5DA-47A1-9B10-DB6B99D414B0}.Release|Any CPU.Build.0 = Release|Any CPU
		{A379CF96-00F1-4874-9880-ABFAB61EB9C9}.Debug|Any CPU.ActiveCfg = Debug|Any CPU
		{A379CF96-00F1-4874-9880-ABFAB61EB9C9}.Debug|Any CPU.Build.0 = Debug|Any CPU
		{A379CF96-00F1-4874-9880-ABFAB61EB9C9}.Release|Any CPU.ActiveCfg = Release|Any CPU
		{A379CF96-00F1-4874-9880-ABFAB61EB9C9}.Release|Any CPU.Build.0 = Release|Any CPU
	EndGlobalSection
	GlobalSection(SolutionProperties) = preSolution
		HideSolutionNode = FALSE
	EndGlobalSection
	GlobalSection(ExtensibilityGlobals) = postSolution
		SolutionGuid = {BA498DEF-0EB9-455B-9F46-9D6B6B9487CD}
	EndGlobalSection
EndGlobal
