
Microsoft Visual Studio Solution File, Format Version 12.00
# Visual Studio Version 17
VisualStudioVersion = 17.9.34728.123
MinimumVisualStudioVersion = 10.0.40219.1
Project("{9A19103F-16F7-4668-BE54-9A1E7A4F7556}") = "task1", "task1\task1.csproj", "{ADD45000-143C-42F4-8549-96B1C73D0E73}"
EndProject
Project("{9A19103F-16F7-4668-BE54-9A1E7A4F7556}") = "task2", "task2\task2.csproj", "{D9D93AB4-D69F-406D-979A-E0BF5AF76B9B}"
EndProject
Project("{9A19103F-16F7-4668-BE54-9A1E7A4F7556}") = "task3", "task3\task3.csproj", "{8A24D828-8088-4805-AA14-3A6256FA8381}"
EndProject
Project("{9A19103F-16F7-4668-BE54-9A1E7A4F7556}") = "task4", "task4\task4.csproj", "{E392AA90-26BE-457A-A700-0A71241A04B0}"
EndProject
Project("{9A19103F-16F7-4668-BE54-9A1E7A4F7556}") = "task5", "task5\task5.csproj", "{AD2034C0-58B2-4CB3-AD31-D424C498A6C6}"
EndProject
Global
	GlobalSection(SolutionConfigurationPlatforms) = preSolution
		Debug|Any CPU = Debug|Any CPU
		Release|Any CPU = Release|Any CPU
	EndGlobalSection
	GlobalSection(ProjectConfigurationPlatforms) = postSolution
		{ADD45000-143C-42F4-8549-96B1C73D0E73}.Debug|Any CPU.ActiveCfg = Debug|Any CPU
		{ADD45000-143C-42F4-8549-96B1C73D0E73}.Debug|Any CPU.Build.0 = Debug|Any CPU
		{ADD45000-143C-42F4-8549-96B1C73D0E73}.Release|Any CPU.ActiveCfg = Release|Any CPU
		{ADD45000-143C-42F4-8549-96B1C73D0E73}.Release|Any CPU.Build.0 = Release|Any CPU
		{D9D93AB4-D69F-406D-979A-E0BF5AF76B9B}.Debug|Any CPU.ActiveCfg = Debug|Any CPU
		{D9D93AB4-D69F-406D-979A-E0BF5AF76B9B}.Debug|Any CPU.Build.0 = Debug|Any CPU
		{D9D93AB4-D69F-406D-979A-E0BF5AF76B9B}.Release|Any CPU.ActiveCfg = Release|Any CPU
		{D9D93AB4-D69F-406D-979A-E0BF5AF76B9B}.Release|Any CPU.Build.0 = Release|Any CPU
		{8A24D828-8088-4805-AA14-3A6256FA8381}.Debug|Any CPU.ActiveCfg = Debug|Any CPU
		{8A24D828-8088-4805-AA14-3A6256FA8381}.Debug|Any CPU.Build.0 = Debug|Any CPU
		{8A24D828-8088-4805-AA14-3A6256FA8381}.Release|Any CPU.ActiveCfg = Release|Any CPU
		{8A24D828-8088-4805-AA14-3A6256FA8381}.Release|Any CPU.Build.0 = Release|Any CPU
		{E392AA90-26BE-457A-A700-0A71241A04B0}.Debug|Any CPU.ActiveCfg = Debug|Any CPU
		{E392AA90-26BE-457A-A700-0A71241A04B0}.Debug|Any CPU.Build.0 = Debug|Any CPU
		{E392AA90-26BE-457A-A700-0A71241A04B0}.Release|Any CPU.ActiveCfg = Release|Any CPU
		{E392AA90-26BE-457A-A700-0A71241A04B0}.Release|Any CPU.Build.0 = Release|Any CPU
		{AD2034C0-58B2-4CB3-AD31-D424C498A6C6}.Debug|Any CPU.ActiveCfg = Debug|Any CPU
		{AD2034C0-58B2-4CB3-AD31-D424C498A6C6}.Debug|Any CPU.Build.0 = Debug|Any CPU
		{AD2034C0-58B2-4CB3-AD31-D424C498A6C6}.Release|Any CPU.ActiveCfg = Release|Any CPU
		{AD2034C0-58B2-4CB3-AD31-D424C498A6C6}.Release|Any CPU.Build.0 = Release|Any CPU
	EndGlobalSection
	GlobalSection(SolutionProperties) = preSolution
		HideSolutionNode = FALSE
	EndGlobalSection
	GlobalSection(ExtensibilityGlobals) = postSolution
		SolutionGuid = {F7D09C4D-2657-4DBB-8AD6-3E8E76347137}
	EndGlobalSection
EndGlobal
