
Microsoft Visual Studio Solution File, Format Version 12.00
# Visual Studio Version 17
VisualStudioVersion = 17.9.34728.123
MinimumVisualStudioVersion = 10.0.40219.1
Project("{FAE04EC0-301F-11D3-BF4B-00C04F79EFBC}") = "task1", "task1\task1.csproj", "{ADD45000-143C-42F4-8549-96B1C73D0E73}"
EndProject
Global
	GlobalSection(SolutionConfigurationPlatforms) = preSolution
		Debug|Any CPU = Debug|Any CPU
		Release|Any CPU = Release|Any CPU
	EndGlobalSection
	GlobalSection(ProjectConfigurationPlatforms) = postSolution
		{ADD45000-143C-42F4-8549-96B1C73D0E73}.Debug|Any CPU.ActiveCfg = Debug|Any CPU
		{ADD45000-143C-42F4-8549-96B1C73D0E73}.Debug|Any CPU.Build.0 = Debug|Any CPU
		{ADD45000-143C-42F4-8549-96B1C73D0E73}.Release|Any CPU.ActiveCfg = Release|Any CPU
		{ADD45000-143C-42F4-8549-96B1C73D0E73}.Release|Any CPU.Build.0 = Release|Any CPU
	EndGlobalSection
	GlobalSection(SolutionProperties) = preSolution
		HideSolutionNode = FALSE
	EndGlobalSection
	GlobalSection(ExtensibilityGlobals) = postSolution
		SolutionGuid = {F7D09C4D-2657-4DBB-8AD6-3E8E76347137}
	EndGlobalSection
EndGlobal
