
Microsoft Visual Studio Solution File, Format Version 12.00
# Visual Studio Version 17
VisualStudioVersion = 17.9.34728.123
MinimumVisualStudioVersion = 10.0.40219.1
Project("{FAE04EC0-301F-11D3-BF4B-00C04F79EFBC}") = "Задание 1", "Задание 1\Задание 1.csproj", "{3FCD6348-4B6E-490F-990D-ED34B9369390}"
EndProject
Project("{FAE04EC0-301F-11D3-BF4B-00C04F79EFBC}") = "task2", "..\..\Задание 2 вводное занятие\task2\task2.csproj", "{023A35C3-A352-492B-AED0-982EC147135A}"
EndProject
Global
	GlobalSection(SolutionConfigurationPlatforms) = preSolution
		Debug|Any CPU = Debug|Any CPU
		Release|Any CPU = Release|Any CPU
	EndGlobalSection
	GlobalSection(ProjectConfigurationPlatforms) = postSolution
		{3FCD6348-4B6E-490F-990D-ED34B9369390}.Debug|Any CPU.ActiveCfg = Debug|Any CPU
		{3FCD6348-4B6E-490F-990D-ED34B9369390}.Debug|Any CPU.Build.0 = Debug|Any CPU
		{3FCD6348-4B6E-490F-990D-ED34B9369390}.Release|Any CPU.ActiveCfg = Release|Any CPU
		{3FCD6348-4B6E-490F-990D-ED34B9369390}.Release|Any CPU.Build.0 = Release|Any CPU
		{023A35C3-A352-492B-AED0-982EC147135A}.Debug|Any CPU.ActiveCfg = Debug|Any CPU
		{023A35C3-A352-492B-AED0-982EC147135A}.Debug|Any CPU.Build.0 = Debug|Any CPU
		{023A35C3-A352-492B-AED0-982EC147135A}.Release|Any CPU.ActiveCfg = Release|Any CPU
		{023A35C3-A352-492B-AED0-982EC147135A}.Release|Any CPU.Build.0 = Release|Any CPU
	EndGlobalSection
	GlobalSection(SolutionProperties) = preSolution
		HideSolutionNode = FALSE
	EndGlobalSection
	GlobalSection(ExtensibilityGlobals) = postSolution
		SolutionGuid = {74FC9C92-DF3A-483A-B1F5-40D0709F700A}
	EndGlobalSection
EndGlobal
