
Microsoft Visual Studio Solution File, Format Version 12.00
# Visual Studio Version 17
VisualStudioVersion = 17.7.34031.279
MinimumVisualStudioVersion = 10.0.40219.1
Project("{9A19103F-16F7-4668-BE54-9A1E7A4F7556}") = "task1", "task1\task1.csproj", "{4BC349CB-159E-4F93-98DC-D8283D0240F3}"
EndProject
Project("{9A19103F-16F7-4668-BE54-9A1E7A4F7556}") = "task2", "..\task2\task2\task2.csproj", "{336B0C7B-F2E5-405C-A56B-E0A87452B86B}"
EndProject
Project("{9A19103F-16F7-4668-BE54-9A1E7A4F7556}") = "dopZadanieTask1", "..\dopZadanieTask1\dopZadanieTask1\dopZadanieTask1.csproj", "{BFF41509-4390-4B35-811A-D925558FCAE8}"
EndProject
Global
	GlobalSection(SolutionConfigurationPlatforms) = preSolution
		Debug|Any CPU = Debug|Any CPU
		Release|Any CPU = Release|Any CPU
	EndGlobalSection
	GlobalSection(ProjectConfigurationPlatforms) = postSolution
		{4BC349CB-159E-4F93-98DC-D8283D0240F3}.Debug|Any CPU.ActiveCfg = Debug|Any CPU
		{4BC349CB-159E-4F93-98DC-D8283D0240F3}.Debug|Any CPU.Build.0 = Debug|Any CPU
		{4BC349CB-159E-4F93-98DC-D8283D0240F3}.Release|Any CPU.ActiveCfg = Release|Any CPU
		{4BC349CB-159E-4F93-98DC-D8283D0240F3}.Release|Any CPU.Build.0 = Release|Any CPU
		{336B0C7B-F2E5-405C-A56B-E0A87452B86B}.Debug|Any CPU.ActiveCfg = Debug|Any CPU
		{336B0C7B-F2E5-405C-A56B-E0A87452B86B}.Debug|Any CPU.Build.0 = Debug|Any CPU
		{336B0C7B-F2E5-405C-A56B-E0A87452B86B}.Release|Any CPU.ActiveCfg = Release|Any CPU
		{336B0C7B-F2E5-405C-A56B-E0A87452B86B}.Release|Any CPU.Build.0 = Release|Any CPU
		{BFF41509-4390-4B35-811A-D925558FCAE8}.Debug|Any CPU.ActiveCfg = Debug|Any CPU
		{BFF41509-4390-4B35-811A-D925558FCAE8}.Debug|Any CPU.Build.0 = Debug|Any CPU
		{BFF41509-4390-4B35-811A-D925558FCAE8}.Release|Any CPU.ActiveCfg = Release|Any CPU
		{BFF41509-4390-4B35-811A-D925558FCAE8}.Release|Any CPU.Build.0 = Release|Any CPU
	EndGlobalSection
	GlobalSection(SolutionProperties) = preSolution
		HideSolutionNode = FALSE
	EndGlobalSection
	GlobalSection(ExtensibilityGlobals) = postSolution
		SolutionGuid = {38A87D41-BA71-45D0-B197-EFF7FF498CAD}
	EndGlobalSection
EndGlobal
