
Microsoft Visual Studio Solution File, Format Version 12.00
# Visual Studio Version 17
VisualStudioVersion = 17.7.34031.279
MinimumVisualStudioVersion = 10.0.40219.1
Project("{FAE04EC0-301F-11D3-BF4B-00C04F79EFBC}") = "task3", "task3\task3.csproj", "{7674D631-BB53-407F-BC0A-41855CC29B6E}"
EndProject
Global
	GlobalSection(SolutionConfigurationPlatforms) = preSolution
		Debug|Any CPU = Debug|Any CPU
		Release|Any CPU = Release|Any CPU
	EndGlobalSection
	GlobalSection(ProjectConfigurationPlatforms) = postSolution
		{7674D631-BB53-407F-BC0A-41855CC29B6E}.Debug|Any CPU.ActiveCfg = Debug|Any CPU
		{7674D631-BB53-407F-BC0A-41855CC29B6E}.Debug|Any CPU.Build.0 = Debug|Any CPU
		{7674D631-BB53-407F-BC0A-41855CC29B6E}.Release|Any CPU.ActiveCfg = Release|Any CPU
		{7674D631-BB53-407F-BC0A-41855CC29B6E}.Release|Any CPU.Build.0 = Release|Any CPU
	EndGlobalSection
	GlobalSection(SolutionProperties) = preSolution
		HideSolutionNode = FALSE
	EndGlobalSection
	GlobalSection(ExtensibilityGlobals) = postSolution
		SolutionGuid = {3FC5ACE3-1A93-4515-AEFD-E36DAC9B3254}
	EndGlobalSection
EndGlobal
