
Microsoft Visual Studio Solution File, Format Version 12.00
# Visual Studio Version 17
VisualStudioVersion = 17.7.34031.279
MinimumVisualStudioVersion = 10.0.40219.1
Project("{FAE04EC0-301F-11D3-BF4B-00C04F79EFBC}") = "task2", "task2\task2.csproj", "{540F2377-22F3-4C08-9EF5-CD0E3B592935}"
EndProject
Global
	GlobalSection(SolutionConfigurationPlatforms) = preSolution
		Debug|Any CPU = Debug|Any CPU
		Release|Any CPU = Release|Any CPU
	EndGlobalSection
	GlobalSection(ProjectConfigurationPlatforms) = postSolution
		{540F2377-22F3-4C08-9EF5-CD0E3B592935}.Debug|Any CPU.ActiveCfg = Debug|Any CPU
		{540F2377-22F3-4C08-9EF5-CD0E3B592935}.Debug|Any CPU.Build.0 = Debug|Any CPU
		{540F2377-22F3-4C08-9EF5-CD0E3B592935}.Release|Any CPU.ActiveCfg = Release|Any CPU
		{540F2377-22F3-4C08-9EF5-CD0E3B592935}.Release|Any CPU.Build.0 = Release|Any CPU
	EndGlobalSection
	GlobalSection(SolutionProperties) = preSolution
		HideSolutionNode = FALSE
	EndGlobalSection
	GlobalSection(ExtensibilityGlobals) = postSolution
		SolutionGuid = {867F1428-B568-4D4E-9982-215F21301317}
	EndGlobalSection
EndGlobal
